// !$*UTF8*$!
{
	archiveVersion = 1;
	classes = {
	};
	objectVersion = 55;
	objects = {

/* Begin PBXBuildFile section */
		8C76E407287561E0003B2C60 /* Constant.swift in Sources */ = {isa = PBXBuildFile; fileRef = 8C76E406287561E0003B2C60 /* Constant.swift */; };
		8C80BE4528755EB800D340C0 /* UserDetailViewController.swift in Sources */ = {isa = PBXBuildFile; fileRef = 8C80BE4328755EB600D340C0 /* UserDetailViewController.swift */; };
		8C80BE4628755EB800D340C0 /* UserListViewController.swift in Sources */ = {isa = PBXBuildFile; fileRef = 8C80BE4428755EB800D340C0 /* UserListViewController.swift */; };
		8C80BE4C28755EF500D340C0 /* API.swift in Sources */ = {isa = PBXBuildFile; fileRef = 8C80BE4A28755EF400D340C0 /* API.swift */; };
		8C80BE4D28755EF500D340C0 /* NetworkManager.swift in Sources */ = {isa = PBXBuildFile; fileRef = 8C80BE4B28755EF500D340C0 /* NetworkManager.swift */; };
		8C80BE4F28755EFF00D340C0 /* User.swift in Sources */ = {isa = PBXBuildFile; fileRef = 8C80BE4E28755EFF00D340C0 /* User.swift */; };
		8C80BE5228755F2C00D340C0 /* UIViewcontroller.swift in Sources */ = {isa = PBXBuildFile; fileRef = 8C80BE5128755F2C00D340C0 /* UIViewcontroller.swift */; };
		8C8CBAB5281970EE00F2A7EB /* AppDelegate.swift in Sources */ = {isa = PBXBuildFile; fileRef = 8C8CBAB4281970EE00F2A7EB /* AppDelegate.swift */; };
		8C8CBAB7281970EE00F2A7EB /* SceneDelegate.swift in Sources */ = {isa = PBXBuildFile; fileRef = 8C8CBAB6281970EE00F2A7EB /* SceneDelegate.swift */; };
		8C8CBABC281970EE00F2A7EB /* Main.storyboard in Resources */ = {isa = PBXBuildFile; fileRef = 8C8CBABA281970EE00F2A7EB /* Main.storyboard */; };
		8C8CBABE281970F100F2A7EB /* Assets.xcassets in Resources */ = {isa = PBXBuildFile; fileRef = 8C8CBABD281970F100F2A7EB /* Assets.xcassets */; };
		8C8CBAC1281970F100F2A7EB /* LaunchScreen.storyboard in Resources */ = {isa = PBXBuildFile; fileRef = 8C8CBABF281970F100F2A7EB /* LaunchScreen.storyboard */; };
		A44C38A05E9C813BD4A079BE /* Pods_MoyaDemo.framework in Frameworks */ = {isa = PBXBuildFile; fileRef = 57D18358EFA271565B37E77A /* Pods_MoyaDemo.framework */; };
/* End PBXBuildFile section */

/* Begin PBXFileReference section */
		57D18358EFA271565B37E77A /* Pods_MoyaDemo.framework */ = {isa = PBXFileReference; explicitFileType = wrapper.framework; includeInIndex = 0; path = Pods_MoyaDemo.framework; sourceTree = BUILT_PRODUCTS_DIR; };
		8C76E406287561E0003B2C60 /* Constant.swift */ = {isa = PBXFileReference; fileEncoding = 4; lastKnownFileType = sourcecode.swift; path = Constant.swift; sourceTree = "<group>"; };
		8C80BE4328755EB600D340C0 /* UserDetailViewController.swift */ = {isa = PBXFileReference; fileEncoding = 4; lastKnownFileType = sourcecode.swift; path = UserDetailViewController.swift; sourceTree = "<group>"; };
		8C80BE4428755EB800D340C0 /* UserListViewController.swift */ = {isa = PBXFileReference; fileEncoding = 4; lastKnownFileType = sourcecode.swift; path = UserListViewController.swift; sourceTree = "<group>"; };
		8C80BE4A28755EF400D340C0 /* API.swift */ = {isa = PBXFileReference; fileEncoding = 4; lastKnownFileType = sourcecode.swift; path = API.swift; sourceTree = "<group>"; };
		8C80BE4B28755EF500D340C0 /* NetworkManager.swift */ = {isa = PBXFileReference; fileEncoding = 4; lastKnownFileType = sourcecode.swift; path = NetworkManager.swift; sourceTree = "<group>"; };
		8C80BE4E28755EFF00D340C0 /* User.swift */ = {isa = PBXFileReference; fileEncoding = 4; lastKnownFileType = sourcecode.swift; path = User.swift; sourceTree = "<group>"; };
		8C80BE5128755F2C00D340C0 /* UIViewcontroller.swift */ = {isa = PBXFileReference; fileEncoding = 4; lastKnownFileType = sourcecode.swift; path = UIViewcontroller.swift; sourceTree = "<group>"; };
		8C8CBAB1281970EE00F2A7EB /* MoyaDemo.app */ = {isa = PBXFileReference; explicitFileType = wrapper.application; includeInIndex = 0; path = MoyaDemo.app; sourceTree = BUILT_PRODUCTS_DIR; };
		8C8CBAB4281970EE00F2A7EB /* AppDelegate.swift */ = {isa = PBXFileReference; lastKnownFileType = sourcecode.swift; path = AppDelegate.swift; sourceTree = "<group>"; };
		8C8CBAB6281970EE00F2A7EB /* SceneDelegate.swift */ = {isa = PBXFileReference; lastKnownFileType = sourcecode.swift; path = SceneDelegate.swift; sourceTree = "<group>"; };
		8C8CBABB281970EE00F2A7EB /* Base */ = {isa = PBXFileReference; lastKnownFileType = file.storyboard; name = Base; path = Base.lproj/Main.storyboard; sourceTree = "<group>"; };
		8C8CBABD281970F100F2A7EB /* Assets.xcassets */ = {isa = PBXFileReference; lastKnownFileType = folder.assetcatalog; path = Assets.xcassets; sourceTree = "<group>"; };
		8C8CBAC0281970F100F2A7EB /* Base */ = {isa = PBXFileReference; lastKnownFileType = file.storyboard; name = Base; path = Base.lproj/LaunchScreen.storyboard; sourceTree = "<group>"; };
		8C8CBAC2281970F100F2A7EB /* Info.plist */ = {isa = PBXFileReference; lastKnownFileType = text.plist.xml; path = Info.plist; sourceTree = "<group>"; };
		9B2E350A93F126E88C28BA1B /* Pods-MoyaDemo.release.xcconfig */ = {isa = PBXFileReference; includeInIndex = 1; lastKnownFileType = text.xcconfig; name = "Pods-MoyaDemo.release.xcconfig"; path = "Target Support Files/Pods-MoyaDemo/Pods-MoyaDemo.release.xcconfig"; sourceTree = "<group>"; };
		C797915E9F45DFF4DA8ECE3D /* Pods-MoyaDemo.debug.xcconfig */ = {isa = PBXFileReference; includeInIndex = 1; lastKnownFileType = text.xcconfig; name = "Pods-MoyaDemo.debug.xcconfig"; path = "Target Support Files/Pods-MoyaDemo/Pods-MoyaDemo.debug.xcconfig"; sourceTree = "<group>"; };
/* End PBXFileReference section */

/* Begin PBXFrameworksBuildPhase section */
		8C8CBAAE281970EE00F2A7EB /* Frameworks */ = {
			isa = PBXFrameworksBuildPhase;
			buildActionMask = 2147483647;
			files = (
				A44C38A05E9C813BD4A079BE /* Pods_MoyaDemo.framework in Frameworks */,
			);
			runOnlyForDeploymentPostprocessing = 0;
		};
/* End PBXFrameworksBuildPhase section */

/* Begin PBXGroup section */
		0CCB3EDC226F6E90A156888E /* Frameworks */ = {
			isa = PBXGroup;
			children = (
				57D18358EFA271565B37E77A /* Pods_MoyaDemo.framework */,
			);
			name = Frameworks;
			sourceTree = "<group>";
		};
		8C80BE4228755EA500D340C0 /* View */ = {
			isa = PBXGroup;
			children = (
				8C80BE4328755EB600D340C0 /* UserDetailViewController.swift */,
				8C80BE4428755EB800D340C0 /* UserListViewController.swift */,
			);
			path = View;
			sourceTree = "<group>";
		};
		8C80BE4728755EC200D340C0 /* Network */ = {
			isa = PBXGroup;
			children = (
				8C80BE4A28755EF400D340C0 /* API.swift */,
				8C80BE4B28755EF500D340C0 /* NetworkManager.swift */,
			);
			path = Network;
			sourceTree = "<group>";
		};
		8C80BE4828755ECC00D340C0 /* Model */ = {
			isa = PBXGroup;
			children = (
				8C80BE4E28755EFF00D340C0 /* User.swift */,
			);
			name = Model;
			path = "New Group";
			sourceTree = "<group>";
		};
		8C80BE4928755ED800D340C0 /* Utility */ = {
			isa = PBXGroup;
			children = (
				8C80BE5028755F0900D340C0 /* Extension */,
			);
			path = Utility;
			sourceTree = "<group>";
		};
		8C80BE5028755F0900D340C0 /* Extension */ = {
			isa = PBXGroup;
			children = (
				8C80BE5128755F2C00D340C0 /* UIViewcontroller.swift */,
			);
			path = Extension;
			sourceTree = "<group>";
		};
		8C8CBAA8281970EE00F2A7EB = {
			isa = PBXGroup;
			children = (
				8C8CBAB3281970EE00F2A7EB /* MoyaDemo */,
				8C8CBAB2281970EE00F2A7EB /* Products */,
				A4ACAF89B8663A8BEC424E97 /* Pods */,
				0CCB3EDC226F6E90A156888E /* Frameworks */,
			);
			sourceTree = "<group>";
		};
		8C8CBAB2281970EE00F2A7EB /* Products */ = {
			isa = PBXGroup;
			children = (
				8C8CBAB1281970EE00F2A7EB /* MoyaDemo.app */,
			);
			name = Products;
			sourceTree = "<group>";
		};
		8C8CBAB3281970EE00F2A7EB /* MoyaDemo */ = {
			isa = PBXGroup;
			children = (
				8C76E406287561E0003B2C60 /* Constant.swift */,
				8C80BE4928755ED800D340C0 /* Utility */,
				8C80BE4828755ECC00D340C0 /* Model */,
				8C80BE4728755EC200D340C0 /* Network */,
				8C80BE4228755EA500D340C0 /* View */,
				8C8CBAB4281970EE00F2A7EB /* AppDelegate.swift */,
				8C8CBAB6281970EE00F2A7EB /* SceneDelegate.swift */,
				8C8CBABA281970EE00F2A7EB /* Main.storyboard */,
				8C8CBABD281970F100F2A7EB /* Assets.xcassets */,
				8C8CBABF281970F100F2A7EB /* LaunchScreen.storyboard */,
				8C8CBAC2281970F100F2A7EB /* Info.plist */,
			);
			path = MoyaDemo;
			sourceTree = "<group>";
		};
		A4ACAF89B8663A8BEC424E97 /* Pods */ = {
			isa = PBXGroup;
			children = (
				C797915E9F45DFF4DA8ECE3D /* Pods-MoyaDemo.debug.xcconfig */,
				9B2E350A93F126E88C28BA1B /* Pods-MoyaDemo.release.xcconfig */,
			);
			path = Pods;
			sourceTree = "<group>";
		};
/* End PBXGroup section */

/* Begin PBXNativeTarget section */
		8C8CBAB0281970EE00F2A7EB /* MoyaDemo */ = {
			isa = PBXNativeTarget;
			buildConfigurationList = 8C8CBAC5281970F100F2A7EB /* Build configuration list for PBXNativeTarget "MoyaDemo" */;
			buildPhases = (
				8008092A3571D796485F84EF /* [CP] Check Pods Manifest.lock */,
				8C8CBAAD281970EE00F2A7EB /* Sources */,
				8C8CBAAE281970EE00F2A7EB /* Frameworks */,
				8C8CBAAF281970EE00F2A7EB /* Resources */,
				0D416A767E54E0A280CA529B /* [CP] Embed Pods Frameworks */,
			);
			buildRules = (
			);
			dependencies = (
			);
			name = MoyaDemo;
			productName = MoyaDemo;
			productReference = 8C8CBAB1281970EE00F2A7EB /* MoyaDemo.app */;
			productType = "com.apple.product-type.application";
		};
/* End PBXNativeTarget section */

/* Begin PBXProject section */
		8C8CBAA9281970EE00F2A7EB /* Project object */ = {
			isa = PBXProject;
			attributes = {
				BuildIndependentTargetsInParallel = 1;
				LastSwiftUpdateCheck = 1310;
				LastUpgradeCheck = 1310;
				TargetAttributes = {
					8C8CBAB0281970EE00F2A7EB = {
						CreatedOnToolsVersion = 13.1;
					};
				};
			};
			buildConfigurationList = 8C8CBAAC281970EE00F2A7EB /* Build configuration list for PBXProject "MoyaDemo" */;
			compatibilityVersion = "Xcode 13.0";
			developmentRegion = en;
			hasScannedForEncodings = 0;
			knownRegions = (
				en,
				Base,
			);
			mainGroup = 8C8CBAA8281970EE00F2A7EB;
			productRefGroup = 8C8CBAB2281970EE00F2A7EB /* Products */;
			projectDirPath = "";
			projectRoot = "";
			targets = (
				8C8CBAB0281970EE00F2A7EB /* MoyaDemo */,
			);
		};
/* End PBXProject section */

/* Begin PBXResourcesBuildPhase section */
		8C8CBAAF281970EE00F2A7EB /* Resources */ = {
			isa = PBXResourcesBuildPhase;
			buildActionMask = 2147483647;
			files = (
				8C8CBAC1281970F100F2A7EB /* LaunchScreen.storyboard in Resources */,
				8C8CBABE281970F100F2A7EB /* Assets.xcassets in Resources */,
				8C8CBABC281970EE00F2A7EB /* Main.storyboard in Resources */,
			);
			runOnlyForDeploymentPostprocessing = 0;
		};
/* End PBXResourcesBuildPhase section */

/* Begin PBXShellScriptBuildPhase section */
		0D416A767E54E0A280CA529B /* [CP] Embed Pods Frameworks */ = {
			isa = PBXShellScriptBuildPhase;
			buildActionMask = 2147483647;
			files = (
			);
			inputFileListPaths = (
				"${PODS_ROOT}/Target Support Files/Pods-MoyaDemo/Pods-MoyaDemo-frameworks-${CONFIGURATION}-input-files.xcfilelist",
			);
			name = "[CP] Embed Pods Frameworks";
			outputFileListPaths = (
				"${PODS_ROOT}/Target Support Files/Pods-MoyaDemo/Pods-MoyaDemo-frameworks-${CONFIGURATION}-output-files.xcfilelist",
			);
			runOnlyForDeploymentPostprocessing = 0;
			shellPath = /bin/sh;
			shellScript = "\"${PODS_ROOT}/Target Support Files/Pods-MoyaDemo/Pods-MoyaDemo-frameworks.sh\"\n";
			showEnvVarsInLog = 0;
		};
		8008092A3571D796485F84EF /* [CP] Check Pods Manifest.lock */ = {
			isa = PBXShellScriptBuildPhase;
			buildActionMask = 2147483647;
			files = (
			);
			inputFileListPaths = (
			);
			inputPaths = (
				"${PODS_PODFILE_DIR_PATH}/Podfile.lock",
				"${PODS_ROOT}/Manifest.lock",
			);
			name = "[CP] Check Pods Manifest.lock";
			outputFileListPaths = (
			);
			outputPaths = (
				"$(DERIVED_FILE_DIR)/Pods-MoyaDemo-checkManifestLockResult.txt",
			);
			runOnlyForDeploymentPostprocessing = 0;
			shellPath = /bin/sh;
			shellScript = "diff \"${PODS_PODFILE_DIR_PATH}/Podfile.lock\" \"${PODS_ROOT}/Manifest.lock\" > /dev/null\nif [ $? != 0 ] ; then\n    # print error to STDERR\n    echo \"error: The sandbox is not in sync with the Podfile.lock. Run 'pod install' or update your CocoaPods installation.\" >&2\n    exit 1\nfi\n# This output is used by Xcode 'outputs' to avoid re-running this script phase.\necho \"SUCCESS\" > \"${SCRIPT_OUTPUT_FILE_0}\"\n";
			showEnvVarsInLog = 0;
		};
/* End PBXShellScriptBuildPhase section */

/* Begin PBXSourcesBuildPhase section */
		8C8CBAAD281970EE00F2A7EB /* Sources */ = {
			isa = PBXSourcesBuildPhase;
			buildActionMask = 2147483647;
			files = (
				8C80BE4628755EB800D340C0 /* UserListViewController.swift in Sources */,
				8C8CBAB5281970EE00F2A7EB /* AppDelegate.swift in Sources */,
				8C76E407287561E0003B2C60 /* Constant.swift in Sources */,
				8C80BE4D28755EF500D340C0 /* NetworkManager.swift in Sources */,
				8C80BE4F28755EFF00D340C0 /* User.swift in Sources */,
				8C80BE5228755F2C00D340C0 /* UIViewcontroller.swift in Sources */,
				8C80BE4528755EB800D340C0 /* UserDetailViewController.swift in Sources */,
				8C80BE4C28755EF500D340C0 /* API.swift in Sources */,
				8C8CBAB7281970EE00F2A7EB /* SceneDelegate.swift in Sources */,
			);
			runOnlyForDeploymentPostprocessing = 0;
		};
/* End PBXSourcesBuildPhase section */

/* Begin PBXVariantGroup section */
		8C8CBABA281970EE00F2A7EB /* Main.storyboard */ = {
			isa = PBXVariantGroup;
			children = (
				8C8CBABB281970EE00F2A7EB /* Base */,
			);
			name = Main.storyboard;
			sourceTree = "<group>";
		};
		8C8CBABF281970F100F2A7EB /* LaunchScreen.storyboard */ = {
			isa = PBXVariantGroup;
			children = (
				8C8CBAC0281970F100F2A7EB /* Base */,
			);
			name = LaunchScreen.storyboard;
			sourceTree = "<group>";
		};
/* End PBXVariantGroup section */

/* Begin XCBuildConfiguration section */
		8C8CBAC3281970F100F2A7EB /* Debug */ = {
			isa = XCBuildConfiguration;
			buildSettings = {
				ALWAYS_SEARCH_USER_PATHS = NO;
				CLANG_ANALYZER_NONNULL = YES;
				CLANG_ANALYZER_NUMBER_OBJECT_CONVERSION = YES_AGGRESSIVE;
				CLANG_CXX_LANGUAGE_STANDARD = "gnu++17";
				CLANG_CXX_LIBRARY = "libc++";
				CLANG_ENABLE_MODULES = YES;
				CLANG_ENABLE_OBJC_ARC = YES;
				CLANG_ENABLE_OBJC_WEAK = YES;
				CLANG_WARN_BLOCK_CAPTURE_AUTORELEASING = YES;
				CLANG_WARN_BOOL_CONVERSION = YES;
				CLANG_WARN_COMMA = YES;
				CLANG_WARN_CONSTANT_CONVERSION = YES;
				CLANG_WARN_DEPRECATED_OBJC_IMPLEMENTATIONS = YES;
				CLANG_WARN_DIRECT_OBJC_ISA_USAGE = YES_ERROR;
				CLANG_WARN_DOCUMENTATION_COMMENTS = YES;
				CLANG_WARN_EMPTY_BODY = YES;
				CLANG_WARN_ENUM_CONVERSION = YES;
				CLANG_WARN_INFINITE_RECURSION = YES;
				CLANG_WARN_INT_CONVERSION = YES;
				CLANG_WARN_NON_LITERAL_NULL_CONVERSION = YES;
				CLANG_WARN_OBJC_IMPLICIT_RETAIN_SELF = YES;
				CLANG_WARN_OBJC_LITERAL_CONVERSION = YES;
				CLANG_WARN_OBJC_ROOT_CLASS = YES_ERROR;
				CLANG_WARN_QUOTED_INCLUDE_IN_FRAMEWORK_HEADER = YES;
				CLANG_WARN_RANGE_LOOP_ANALYSIS = YES;
				CLANG_WARN_STRICT_PROTOTYPES = YES;
				CLANG_WARN_SUSPICIOUS_MOVE = YES;
				CLANG_WARN_UNGUARDED_AVAILABILITY = YES_AGGRESSIVE;
				CLANG_WARN_UNREACHABLE_CODE = YES;
				CLANG_WARN__DUPLICATE_METHOD_MATCH = YES;
				COPY_PHASE_STRIP = NO;
				DEBUG_INFORMATION_FORMAT = dwarf;
				ENABLE_STRICT_OBJC_MSGSEND = YES;
				ENABLE_TESTABILITY = YES;
				GCC_C_LANGUAGE_STANDARD = gnu11;
				GCC_DYNAMIC_NO_PIC = NO;
				GCC_NO_COMMON_BLOCKS = YES;
				GCC_OPTIMIZATION_LEVEL = 0;
				GCC_PREPROCESSOR_DEFINITIONS = (
					"DEBUG=1",
					"$(inherited)",
				);
				GCC_WARN_64_TO_32_BIT_CONVERSION = YES;
				GCC_WARN_ABOUT_RETURN_TYPE = YES_ERROR;
				GCC_WARN_UNDECLARED_SELECTOR = YES;
				GCC_WARN_UNINITIALIZED_AUTOS = YES_AGGRESSIVE;
				GCC_WARN_UNUSED_FUNCTION = YES;
				GCC_WARN_UNUSED_VARIABLE = YES;
				IPHONEOS_DEPLOYMENT_TARGET = 15.0;
				MTL_ENABLE_DEBUG_INFO = INCLUDE_SOURCE;
				MTL_FAST_MATH = YES;
				ONLY_ACTIVE_ARCH = YES;
				SDKROOT = iphoneos;
				SWIFT_ACTIVE_COMPILATION_CONDITIONS = DEBUG;
				SWIFT_OPTIMIZATION_LEVEL = "-Onone";
			};
			name = Debug;
		};
		8C8CBAC4281970F100F2A7EB /* Release */ = {
			isa = XCBuildConfiguration;
			buildSettings = {
				ALWAYS_SEARCH_USER_PATHS = NO;
				CLANG_ANALYZER_NONNULL = YES;
				CLANG_ANALYZER_NUMBER_OBJECT_CONVERSION = YES_AGGRESSIVE;
				CLANG_CXX_LANGUAGE_STANDARD = "gnu++17";
				CLANG_CXX_LIBRARY = "libc++";
				CLANG_ENABLE_MODULES = YES;
				CLANG_ENABLE_OBJC_ARC = YES;
				CLANG_ENABLE_OBJC_WEAK = YES;
				CLANG_WARN_BLOCK_CAPTURE_AUTORELEASING = YES;
				CLANG_WARN_BOOL_CONVERSION = YES;
				CLANG_WARN_COMMA = YES;
				CLANG_WARN_CONSTANT_CONVERSION = YES;
				CLANG_WARN_DEPRECATED_OBJC_IMPLEMENTATIONS = YES;
				CLANG_WARN_DIRECT_OBJC_ISA_USAGE = YES_ERROR;
				CLANG_WARN_DOCUMENTATION_COMMENTS = YES;
				CLANG_WARN_EMPTY_BODY = YES;
				CLANG_WARN_ENUM_CONVERSION = YES;
				CLANG_WARN_INFINITE_RECURSION = YES;
				CLANG_WARN_INT_CONVERSION = YES;
				CLANG_WARN_NON_LITERAL_NULL_CONVERSION = YES;
				CLANG_WARN_OBJC_IMPLICIT_RETAIN_SELF = YES;
				CLANG_WARN_OBJC_LITERAL_CONVERSION = YES;
				CLANG_WARN_OBJC_ROOT_CLASS = YES_ERROR;
				CLANG_WARN_QUOTED_INCLUDE_IN_FRAMEWORK_HEADER = YES;
				CLANG_WARN_RANGE_LOOP_ANALYSIS = YES;
				CLANG_WARN_STRICT_PROTOTYPES = YES;
				CLANG_WARN_SUSPICIOUS_MOVE = YES;
				CLANG_WARN_UNGUARDED_AVAILABILITY = YES_AGGRESSIVE;
				CLANG_WARN_UNREACHABLE_CODE = YES;
				CLANG_WARN__DUPLICATE_METHOD_MATCH = YES;
				COPY_PHASE_STRIP = NO;
				DEBUG_INFORMATION_FORMAT = "dwarf-with-dsym";
				ENABLE_NS_ASSERTIONS = NO;
				ENABLE_STRICT_OBJC_MSGSEND = YES;
				GCC_C_LANGUAGE_STANDARD = gnu11;
				GCC_NO_COMMON_BLOCKS = YES;
				GCC_WARN_64_TO_32_BIT_CONVERSION = YES;
				GCC_WARN_ABOUT_RETURN_TYPE = YES_ERROR;
				GCC_WARN_UNDECLARED_SELECTOR = YES;
				GCC_WARN_UNINITIALIZED_AUTOS = YES_AGGRESSIVE;
				GCC_WARN_UNUSED_FUNCTION = YES;
				GCC_WARN_UNUSED_VARIABLE = YES;
				IPHONEOS_DEPLOYMENT_TARGET = 15.0;
				MTL_ENABLE_DEBUG_INFO = NO;
				MTL_FAST_MATH = YES;
				SDKROOT = iphoneos;
				SWIFT_COMPILATION_MODE = wholemodule;
				SWIFT_OPTIMIZATION_LEVEL = "-O";
				VALIDATE_PRODUCT = YES;
			};
			name = Release;
		};
		8C8CBAC6281970F100F2A7EB /* Debug */ = {
			isa = XCBuildConfiguration;
			baseConfigurationReference = C797915E9F45DFF4DA8ECE3D /* Pods-MoyaDemo.debug.xcconfig */;
			buildSettings = {
				ASSETCATALOG_COMPILER_APPICON_NAME = AppIcon;
				ASSETCATALOG_COMPILER_GLOBAL_ACCENT_COLOR_NAME = AccentColor;
				CODE_SIGN_STYLE = Automatic;
				CURRENT_PROJECT_VERSION = 1;
				GENERATE_INFOPLIST_FILE = YES;
				INFOPLIST_FILE = MoyaDemo/Info.plist;
				INFOPLIST_KEY_UIApplicationSupportsIndirectInputEvents = YES;
				INFOPLIST_KEY_UILaunchStoryboardName = LaunchScreen;
				INFOPLIST_KEY_UIMainStoryboardFile = Main;
				INFOPLIST_KEY_UISupportedInterfaceOrientations_iPad = "UIInterfaceOrientationPortrait UIInterfaceOrientationPortraitUpsideDown UIInterfaceOrientationLandscapeLeft UIInterfaceOrientationLandscapeRight";
				INFOPLIST_KEY_UISupportedInterfaceOrientations_iPhone = "UIInterfaceOrientationPortrait UIInterfaceOrientationLandscapeLeft UIInterfaceOrientationLandscapeRight";
				LD_RUNPATH_SEARCH_PATHS = (
					"$(inherited)",
					"@executable_path/Frameworks",
				);
				MARKETING_VERSION = 1.0;
				PRODUCT_BUNDLE_IDENTIFIER = com.swiftUIDemo.MoyaDemo;
				PRODUCT_NAME = "$(TARGET_NAME)";
				SWIFT_EMIT_LOC_STRINGS = YES;
				SWIFT_VERSION = 5.0;
				TARGETED_DEVICE_FAMILY = "1,2";
			};
			name = Debug;
		};
		8C8CBAC7281970F100F2A7EB /* Release */ = {
			isa = XCBuildConfiguration;
			baseConfigurationReference = 9B2E350A93F126E88C28BA1B /* Pods-MoyaDemo.release.xcconfig */;
			buildSettings = {
				ASSETCATALOG_COMPILER_APPICON_NAME = AppIcon;
				ASSETCATALOG_COMPILER_GLOBAL_ACCENT_COLOR_NAME = AccentColor;
				CODE_SIGN_STYLE = Automatic;
				CURRENT_PROJECT_VERSION = 1;
				GENERATE_INFOPLIST_FILE = YES;
				INFOPLIST_FILE = MoyaDemo/Info.plist;
				INFOPLIST_KEY_UIApplicationSupportsIndirectInputEvents = YES;
				INFOPLIST_KEY_UILaunchStoryboardName = LaunchScreen;
				INFOPLIST_KEY_UIMainStoryboardFile = Main;
				INFOPLIST_KEY_UISupportedInterfaceOrientations_iPad = "UIInterfaceOrientationPortrait UIInterfaceOrientationPortraitUpsideDown UIInterfaceOrientationLandscapeLeft UIInterfaceOrientationLandscapeRight";
				INFOPLIST_KEY_UISupportedInterfaceOrientations_iPhone = "UIInterfaceOrientationPortrait UIInterfaceOrientationLandscapeLeft UIInterfaceOrientationLandscapeRight";
				LD_RUNPATH_SEARCH_PATHS = (
					"$(inherited)",
					"@executable_path/Frameworks",
				);
				MARKETING_VERSION = 1.0;
				PRODUCT_BUNDLE_IDENTIFIER = com.swiftUIDemo.MoyaDemo;
				PRODUCT_NAME = "$(TARGET_NAME)";
				SWIFT_EMIT_LOC_STRINGS = YES;
				SWIFT_VERSION = 5.0;
				TARGETED_DEVICE_FAMILY = "1,2";
			};
			name = Release;
		};
/* End XCBuildConfiguration section */

/* Begin XCConfigurationList section */
		8C8CBAAC281970EE00F2A7EB /* Build configuration list for PBXProject "MoyaDemo" */ = {
			isa = XCConfigurationList;
			buildConfigurations = (
				8C8CBAC3281970F100F2A7EB /* Debug */,
				8C8CBAC4281970F100F2A7EB /* Release */,
			);
			defaultConfigurationIsVisible = 0;
			defaultConfigurationName = Release;
		};
		8C8CBAC5281970F100F2A7EB /* Build configuration list for PBXNativeTarget "MoyaDemo" */ = {
			isa = XCConfigurationList;
			buildConfigurations = (
				8C8CBAC6281970F100F2A7EB /* Debug */,
				8C8CBAC7281970F100F2A7EB /* Release */,
			);
			defaultConfigurationIsVisible = 0;
			defaultConfigurationName = Release;
		};
/* End XCConfigurationList section */
	};
	rootObject = 8C8CBAA9281970EE00F2A7EB /* Project object */;
}
